
Microsoft Visual Studio Solution File, Format Version 12.00
# Visual Studio 14
VisualStudioVersion = 14.0.25420.1
MinimumVisualStudioVersion = 10.0.40219.1
Project("{FAE04EC0-301F-11D3-BF4B-00C04F79EFBC}") = "DistributedAppExample.UserInterface", "DistributedAppExample.UserInterface\DistributedAppExample.UserInterface.csproj", "{01134345-F645-4629-A61B-CB57E0B61EEB}"
EndProject
Project("{FAE04EC0-301F-11D3-BF4B-00C04F79EFBC}") = "DistributedAppExample.DistributorService", "DistributedAppExample.LauncherService\DistributedAppExample.DistributorService.csproj", "{E458D08F-A5EB-41C4-9182-7C5EBA7A3415}"
EndProject
Project("{FAE04EC0-301F-11D3-BF4B-00C04F79EFBC}") = "DistributedAppExample.ReaderService", "DistributedAppExample.ExecutionService\DistributedAppExample.ReaderService.csproj", "{B5A48398-D6B5-4528-88BC-753B05156785}"
EndProject
Project("{FAE04EC0-301F-11D3-BF4B-00C04F79EFBC}") = "DistributedAppExample.Shared", "DistributedAppExample.Shared\DistributedAppExample.Shared.csproj", "{812E339E-DDC6-4503-9207-ACC18DB5CE49}"
EndProject
Project("{FAE04EC0-301F-11D3-BF4B-00C04F79EFBC}") = "DistributedAppExample.Shared.IO", "DistributedAppExample.Shared.IO\DistributedAppExample.Shared.IO.csproj", "{41BFB36D-359D-4A3A-A41F-7F67F6C8FC15}"
EndProject
Global
	GlobalSection(SolutionConfigurationPlatforms) = preSolution
		Debug|Any CPU = Debug|Any CPU
		Release|Any CPU = Release|Any CPU
	EndGlobalSection
	GlobalSection(ProjectConfigurationPlatforms) = postSolution
		{01134345-F645-4629-A61B-CB57E0B61EEB}.Debug|Any CPU.ActiveCfg = Debug|Any CPU
		{01134345-F645-4629-A61B-CB57E0B61EEB}.Debug|Any CPU.Build.0 = Debug|Any CPU
		{01134345-F645-4629-A61B-CB57E0B61EEB}.Release|Any CPU.ActiveCfg = Release|Any CPU
		{01134345-F645-4629-A61B-CB57E0B61EEB}.Release|Any CPU.Build.0 = Release|Any CPU
		{E458D08F-A5EB-41C4-9182-7C5EBA7A3415}.Debug|Any CPU.ActiveCfg = Debug|Any CPU
		{E458D08F-A5EB-41C4-9182-7C5EBA7A3415}.Debug|Any CPU.Build.0 = Debug|Any CPU
		{E458D08F-A5EB-41C4-9182-7C5EBA7A3415}.Release|Any CPU.ActiveCfg = Release|Any CPU
		{E458D08F-A5EB-41C4-9182-7C5EBA7A3415}.Release|Any CPU.Build.0 = Release|Any CPU
		{B5A48398-D6B5-4528-88BC-753B05156785}.Debug|Any CPU.ActiveCfg = Debug|Any CPU
		{B5A48398-D6B5-4528-88BC-753B05156785}.Debug|Any CPU.Build.0 = Debug|Any CPU
		{B5A48398-D6B5-4528-88BC-753B05156785}.Release|Any CPU.ActiveCfg = Release|Any CPU
		{B5A48398-D6B5-4528-88BC-753B05156785}.Release|Any CPU.Build.0 = Release|Any CPU
		{812E339E-DDC6-4503-9207-ACC18DB5CE49}.Debug|Any CPU.ActiveCfg = Debug|Any CPU
		{812E339E-DDC6-4503-9207-ACC18DB5CE49}.Debug|Any CPU.Build.0 = Debug|Any CPU
		{812E339E-DDC6-4503-9207-ACC18DB5CE49}.Release|Any CPU.ActiveCfg = Release|Any CPU
		{812E339E-DDC6-4503-9207-ACC18DB5CE49}.Release|Any CPU.Build.0 = Release|Any CPU
		{41BFB36D-359D-4A3A-A41F-7F67F6C8FC15}.Debug|Any CPU.ActiveCfg = Debug|Any CPU
		{41BFB36D-359D-4A3A-A41F-7F67F6C8FC15}.Debug|Any CPU.Build.0 = Debug|Any CPU
		{41BFB36D-359D-4A3A-A41F-7F67F6C8FC15}.Release|Any CPU.ActiveCfg = Release|Any CPU
		{41BFB36D-359D-4A3A-A41F-7F67F6C8FC15}.Release|Any CPU.Build.0 = Release|Any CPU
	EndGlobalSection
	GlobalSection(SolutionProperties) = preSolution
		HideSolutionNode = FALSE
	EndGlobalSection
EndGlobal
